
Microsoft Visual Studio Solution File, Format Version 12.00
# Visual Studio Version 17
VisualStudioVersion = 17.12.35707.178
MinimumVisualStudioVersion = 10.0.40219.1
Project("{2150E333-8FDC-42A3-9474-1A3956D46DE8}") = "Presentation", "Presentation", "{3F181F5F-F45D-468F-BBE7-D9C00FFFDD83}"
EndProject
Project("{FAE04EC0-301F-11D3-BF4B-00C04F79EFBC}") = "Application.Batch.ConsoleApp", "Presentation\Application.Batch.ConsoleApp\Application.Batch.ConsoleApp.csproj", "{73853489-5D8C-4DD3-93C3-BF066918E7FF}"
EndProject
Project("{2150E333-8FDC-42A3-9474-1A3956D46DE8}") = "Core", "Core", "{3132418E-9049-4DDA-86A1-CC6B19D5EBED}"
EndProject
Project("{2150E333-8FDC-42A3-9474-1A3956D46DE8}") = "Infrastructure", "Infrastructure", "{5B98F77E-86C5-4CDA-AFE5-50F1DD329186}"
EndProject
Project("{FAE04EC0-301F-11D3-BF4B-00C04F79EFBC}") = "Application.Batch.Core.Domain", "Core\Application.Batch.Core.Domain\Application.Batch.Core.Domain.csproj", "{90ED02CA-F05B-4635-B94A-447122E52851}"
EndProject
Project("{FAE04EC0-301F-11D3-BF4B-00C04F79EFBC}") = "Application.Batch.Core.Application", "Core\Application.Batch.Core.Application\Application.Batch.Core.Application.csproj", "{ED85606A-E65F-403A-821D-5D99C8C3B796}"
EndProject
Project("{FAE04EC0-301F-11D3-BF4B-00C04F79EFBC}") = "Application.Batch.Infrastructure.Persistence", "Infrastructure\Application.Batch.Infrastructure.Persistence\Application.Batch.Infrastructure.Persistence.csproj", "{6A2A1B91-F18B-41D5-B130-5C3255F3E35D}"
EndProject
Project("{FAE04EC0-301F-11D3-BF4B-00C04F79EFBC}") = "Application.Batch.Infrastructure.Io", "Infrastructure\Application.Batch.Infrastructure.Io\Application.Batch.Infrastructure.Io.csproj", "{A747851D-373E-4ECF-A718-A635C08EF5AD}"
EndProject
Project("{FAE04EC0-301F-11D3-BF4B-00C04F79EFBC}") = "Application.Batch.Infrastructure.Pdf", "Infrastructure\Application.Batch.Infrastructure.Pdf\Application.Batch.Infrastructure.Pdf.csproj", "{1953D85B-8736-48B5-82CF-FCDE07F4A077}"
EndProject
Global
	GlobalSection(SolutionConfigurationPlatforms) = preSolution
		Debug|Any CPU = Debug|Any CPU
		Release|Any CPU = Release|Any CPU
	EndGlobalSection
	GlobalSection(ProjectConfigurationPlatforms) = postSolution
		{73853489-5D8C-4DD3-93C3-BF066918E7FF}.Debug|Any CPU.ActiveCfg = Debug|Any CPU
		{73853489-5D8C-4DD3-93C3-BF066918E7FF}.Debug|Any CPU.Build.0 = Debug|Any CPU
		{73853489-5D8C-4DD3-93C3-BF066918E7FF}.Release|Any CPU.ActiveCfg = Release|Any CPU
		{73853489-5D8C-4DD3-93C3-BF066918E7FF}.Release|Any CPU.Build.0 = Release|Any CPU
		{90ED02CA-F05B-4635-B94A-447122E52851}.Debug|Any CPU.ActiveCfg = Debug|Any CPU
		{90ED02CA-F05B-4635-B94A-447122E52851}.Debug|Any CPU.Build.0 = Debug|Any CPU
		{90ED02CA-F05B-4635-B94A-447122E52851}.Release|Any CPU.ActiveCfg = Release|Any CPU
		{90ED02CA-F05B-4635-B94A-447122E52851}.Release|Any CPU.Build.0 = Release|Any CPU
		{ED85606A-E65F-403A-821D-5D99C8C3B796}.Debug|Any CPU.ActiveCfg = Debug|Any CPU
		{ED85606A-E65F-403A-821D-5D99C8C3B796}.Debug|Any CPU.Build.0 = Debug|Any CPU
		{ED85606A-E65F-403A-821D-5D99C8C3B796}.Release|Any CPU.ActiveCfg = Release|Any CPU
		{ED85606A-E65F-403A-821D-5D99C8C3B796}.Release|Any CPU.Build.0 = Release|Any CPU
		{6A2A1B91-F18B-41D5-B130-5C3255F3E35D}.Debug|Any CPU.ActiveCfg = Debug|Any CPU
		{6A2A1B91-F18B-41D5-B130-5C3255F3E35D}.Debug|Any CPU.Build.0 = Debug|Any CPU
		{6A2A1B91-F18B-41D5-B130-5C3255F3E35D}.Release|Any CPU.ActiveCfg = Release|Any CPU
		{6A2A1B91-F18B-41D5-B130-5C3255F3E35D}.Release|Any CPU.Build.0 = Release|Any CPU
		{A747851D-373E-4ECF-A718-A635C08EF5AD}.Debug|Any CPU.ActiveCfg = Debug|Any CPU
		{A747851D-373E-4ECF-A718-A635C08EF5AD}.Debug|Any CPU.Build.0 = Debug|Any CPU
		{A747851D-373E-4ECF-A718-A635C08EF5AD}.Release|Any CPU.ActiveCfg = Release|Any CPU
		{A747851D-373E-4ECF-A718-A635C08EF5AD}.Release|Any CPU.Build.0 = Release|Any CPU
		{1953D85B-8736-48B5-82CF-FCDE07F4A077}.Debug|Any CPU.ActiveCfg = Debug|Any CPU
		{1953D85B-8736-48B5-82CF-FCDE07F4A077}.Debug|Any CPU.Build.0 = Debug|Any CPU
		{1953D85B-8736-48B5-82CF-FCDE07F4A077}.Release|Any CPU.ActiveCfg = Release|Any CPU
		{1953D85B-8736-48B5-82CF-FCDE07F4A077}.Release|Any CPU.Build.0 = Release|Any CPU
	EndGlobalSection
	GlobalSection(SolutionProperties) = preSolution
		HideSolutionNode = FALSE
	EndGlobalSection
	GlobalSection(NestedProjects) = preSolution
		{73853489-5D8C-4DD3-93C3-BF066918E7FF} = {3F181F5F-F45D-468F-BBE7-D9C00FFFDD83}
		{90ED02CA-F05B-4635-B94A-447122E52851} = {3132418E-9049-4DDA-86A1-CC6B19D5EBED}
		{ED85606A-E65F-403A-821D-5D99C8C3B796} = {3132418E-9049-4DDA-86A1-CC6B19D5EBED}
		{6A2A1B91-F18B-41D5-B130-5C3255F3E35D} = {5B98F77E-86C5-4CDA-AFE5-50F1DD329186}
		{A747851D-373E-4ECF-A718-A635C08EF5AD} = {5B98F77E-86C5-4CDA-AFE5-50F1DD329186}
		{1953D85B-8736-48B5-82CF-FCDE07F4A077} = {5B98F77E-86C5-4CDA-AFE5-50F1DD329186}
	EndGlobalSection
EndGlobal
