
Microsoft Visual Studio Solution File, Format Version 12.00
# Visual Studio Version 17
VisualStudioVersion = 17.12.35707.178
MinimumVisualStudioVersion = 10.0.40219.1
Project("{2150E333-8FDC-42A3-9474-1A3956D46DE8}") = "Presentation", "Presentation", "{3F181F5F-F45D-468F-BBE7-D9C00FFFDD83}"
EndProject
Project("{FAE04EC0-301F-11D3-BF4B-00C04F79EFBC}") = "Application.Batch.ConsoleApp", "Presentation\Application.Batch.ConsoleApp\Application.Batch.ConsoleApp.csproj", "{73853489-5D8C-4DD3-93C3-BF066918E7FF}"
EndProject
Project("{2150E333-8FDC-42A3-9474-1A3956D46DE8}") = "Core", "Core", "{3132418E-9049-4DDA-86A1-CC6B19D5EBED}"
EndProject
Project("{2150E333-8FDC-42A3-9474-1A3956D46DE8}") = "Infrastructure", "Infrastructure", "{5B98F77E-86C5-4CDA-AFE5-50F1DD329186}"
EndProject
Project("{FAE04EC0-301F-11D3-BF4B-00C04F79EFBC}") = "Application.Batch.Core.Domain", "Core\Application.Batch.Core.Domain\Application.Batch.Core.Domain.csproj", "{90ED02CA-F05B-4635-B94A-447122E52851}"
EndProject
Project("{FAE04EC0-301F-11D3-BF4B-00C04F79EFBC}") = "Application.Batch.Core.Application", "Core\Application.Batch.Core.Application\Application.Batch.Core.Application.csproj", "{ED85606A-E65F-403A-821D-5D99C8C3B796}"
EndProject
Project("{FAE04EC0-301F-11D3-BF4B-00C04F79EFBC}") = "Application.Batch.Infrastructure.Persistence", "Infrastructure\Application.Batch.Infrastructure.Persistence\Application.Batch.Infrastructure.Persistence.csproj", "{6A2A1B91-F18B-41D5-B130-5C3255F3E35D}"
EndProject
Project("{FAE04EC0-301F-11D3-BF4B-00C04F79EFBC}") = "Application.Batch.Infrastructure.Io", "Infrastructure\Application.Batch.Infrastructure.Io\Application.Batch.Infrastructure.Io.csproj", "{A747851D-373E-4ECF-A718-A635C08EF5AD}"
EndProject
Project("{FAE04EC0-301F-11D3-BF4B-00C04F79EFBC}") = "Application.Batch.Infrastructure.Pdf", "Infrastructure\Application.Batch.Infrastructure.Pdf\Application.Batch.Infrastructure.Pdf.csproj", "{1953D85B-8736-48B5-82CF-FCDE07F4A077}"
EndProject
Project("{2150E333-8FDC-42A3-9474-1A3956D46DE8}") = "Tests", "Tests", "{BE18F0E4-1806-43C7-A4D9-B3CB3F6B866A}"
EndProject
Project("{2150E333-8FDC-42A3-9474-1A3956D46DE8}") = "Core", "Core", "{806A93C2-08DD-4051-B729-5752059EEAAB}"
EndProject
Project("{FAE04EC0-301F-11D3-BF4B-00C04F79EFBC}") = "Application.Batch.Core.Domain.Tests", "Tests\Core\Application.Batch.Core.Domain.Tests\Application.Batch.Core.Domain.Tests.csproj", "{72B0734E-7EE5-408F-A2A3-39D077933DBA}"
EndProject
Project("{2150E333-8FDC-42A3-9474-1A3956D46DE8}") = "Infrastructure", "Infrastructure", "{16A42955-7DCB-4FAB-8105-DCD5947F6F6F}"
EndProject
Project("{2150E333-8FDC-42A3-9474-1A3956D46DE8}") = "Presentation", "Presentation", "{AAC8A67D-579F-46D8-98C6-8ED939E04FB1}"
EndProject
Project("{FAE04EC0-301F-11D3-BF4B-00C04F79EFBC}") = "Application.Batch.ConsoleApp.Tests", "Tests\Presentation\Application.Batch.ConsoleApp.Tests\Application.Batch.ConsoleApp.Tests.csproj", "{38AC723A-86A4-479F-AD5F-38D1AFA31068}"
EndProject
Project("{FAE04EC0-301F-11D3-BF4B-00C04F79EFBC}") = "Application.Batch.Infrastructure.Persistence.Tests", "Tests\Infrastructure\Application.Batch.Infrastructure.Persistence.Tests\Application.Batch.Infrastructure.Persistence.Tests.csproj", "{A9827016-1F89-4429-B97A-D82EB91C020E}"
EndProject
Project("{FAE04EC0-301F-11D3-BF4B-00C04F79EFBC}") = "Application.Batch.Infrastructure.Io.Tests", "Tests\Infrastructure\Application.Batch.Infrastructure.Io.Tests\Application.Batch.Infrastructure.Io.Tests.csproj", "{E7612A4C-DF24-4C0D-A6C7-C84DA6A2E25E}"
EndProject
Project("{FAE04EC0-301F-11D3-BF4B-00C04F79EFBC}") = "Application.Batch.Core.Application.Tests", "Tests\Core\Application.Batch.Core.Application.Tests\Application.Batch.Core.Application.Tests.csproj", "{89710CBC-93F5-4FF1-8349-B703585A1DB1}"
EndProject
Global
	GlobalSection(SolutionConfigurationPlatforms) = preSolution
		Debug|Any CPU = Debug|Any CPU
		Release|Any CPU = Release|Any CPU
	EndGlobalSection
	GlobalSection(ProjectConfigurationPlatforms) = postSolution
		{73853489-5D8C-4DD3-93C3-BF066918E7FF}.Debug|Any CPU.ActiveCfg = Debug|Any CPU
		{73853489-5D8C-4DD3-93C3-BF066918E7FF}.Debug|Any CPU.Build.0 = Debug|Any CPU
		{73853489-5D8C-4DD3-93C3-BF066918E7FF}.Release|Any CPU.ActiveCfg = Release|Any CPU
		{73853489-5D8C-4DD3-93C3-BF066918E7FF}.Release|Any CPU.Build.0 = Release|Any CPU
		{90ED02CA-F05B-4635-B94A-447122E52851}.Debug|Any CPU.ActiveCfg = Debug|Any CPU
		{90ED02CA-F05B-4635-B94A-447122E52851}.Debug|Any CPU.Build.0 = Debug|Any CPU
		{90ED02CA-F05B-4635-B94A-447122E52851}.Release|Any CPU.ActiveCfg = Release|Any CPU
		{90ED02CA-F05B-4635-B94A-447122E52851}.Release|Any CPU.Build.0 = Release|Any CPU
		{ED85606A-E65F-403A-821D-5D99C8C3B796}.Debug|Any CPU.ActiveCfg = Debug|Any CPU
		{ED85606A-E65F-403A-821D-5D99C8C3B796}.Debug|Any CPU.Build.0 = Debug|Any CPU
		{ED85606A-E65F-403A-821D-5D99C8C3B796}.Release|Any CPU.ActiveCfg = Release|Any CPU
		{ED85606A-E65F-403A-821D-5D99C8C3B796}.Release|Any CPU.Build.0 = Release|Any CPU
		{6A2A1B91-F18B-41D5-B130-5C3255F3E35D}.Debug|Any CPU.ActiveCfg = Debug|Any CPU
		{6A2A1B91-F18B-41D5-B130-5C3255F3E35D}.Debug|Any CPU.Build.0 = Debug|Any CPU
		{6A2A1B91-F18B-41D5-B130-5C3255F3E35D}.Release|Any CPU.ActiveCfg = Release|Any CPU
		{6A2A1B91-F18B-41D5-B130-5C3255F3E35D}.Release|Any CPU.Build.0 = Release|Any CPU
		{A747851D-373E-4ECF-A718-A635C08EF5AD}.Debug|Any CPU.ActiveCfg = Debug|Any CPU
		{A747851D-373E-4ECF-A718-A635C08EF5AD}.Debug|Any CPU.Build.0 = Debug|Any CPU
		{A747851D-373E-4ECF-A718-A635C08EF5AD}.Release|Any CPU.ActiveCfg = Release|Any CPU
		{A747851D-373E-4ECF-A718-A635C08EF5AD}.Release|Any CPU.Build.0 = Release|Any CPU
		{1953D85B-8736-48B5-82CF-FCDE07F4A077}.Debug|Any CPU.ActiveCfg = Debug|Any CPU
		{1953D85B-8736-48B5-82CF-FCDE07F4A077}.Debug|Any CPU.Build.0 = Debug|Any CPU
		{1953D85B-8736-48B5-82CF-FCDE07F4A077}.Release|Any CPU.ActiveCfg = Release|Any CPU
		{1953D85B-8736-48B5-82CF-FCDE07F4A077}.Release|Any CPU.Build.0 = Release|Any CPU
		{72B0734E-7EE5-408F-A2A3-39D077933DBA}.Debug|Any CPU.ActiveCfg = Debug|Any CPU
		{72B0734E-7EE5-408F-A2A3-39D077933DBA}.Debug|Any CPU.Build.0 = Debug|Any CPU
		{72B0734E-7EE5-408F-A2A3-39D077933DBA}.Release|Any CPU.ActiveCfg = Release|Any CPU
		{72B0734E-7EE5-408F-A2A3-39D077933DBA}.Release|Any CPU.Build.0 = Release|Any CPU
		{38AC723A-86A4-479F-AD5F-38D1AFA31068}.Debug|Any CPU.ActiveCfg = Debug|Any CPU
		{38AC723A-86A4-479F-AD5F-38D1AFA31068}.Debug|Any CPU.Build.0 = Debug|Any CPU
		{38AC723A-86A4-479F-AD5F-38D1AFA31068}.Release|Any CPU.ActiveCfg = Release|Any CPU
		{38AC723A-86A4-479F-AD5F-38D1AFA31068}.Release|Any CPU.Build.0 = Release|Any CPU
		{A9827016-1F89-4429-B97A-D82EB91C020E}.Debug|Any CPU.ActiveCfg = Debug|Any CPU
		{A9827016-1F89-4429-B97A-D82EB91C020E}.Debug|Any CPU.Build.0 = Debug|Any CPU
		{A9827016-1F89-4429-B97A-D82EB91C020E}.Release|Any CPU.ActiveCfg = Release|Any CPU
		{A9827016-1F89-4429-B97A-D82EB91C020E}.Release|Any CPU.Build.0 = Release|Any CPU
		{E7612A4C-DF24-4C0D-A6C7-C84DA6A2E25E}.Debug|Any CPU.ActiveCfg = Debug|Any CPU
		{E7612A4C-DF24-4C0D-A6C7-C84DA6A2E25E}.Debug|Any CPU.Build.0 = Debug|Any CPU
		{E7612A4C-DF24-4C0D-A6C7-C84DA6A2E25E}.Release|Any CPU.ActiveCfg = Release|Any CPU
		{E7612A4C-DF24-4C0D-A6C7-C84DA6A2E25E}.Release|Any CPU.Build.0 = Release|Any CPU
		{89710CBC-93F5-4FF1-8349-B703585A1DB1}.Debug|Any CPU.ActiveCfg = Debug|Any CPU
		{89710CBC-93F5-4FF1-8349-B703585A1DB1}.Debug|Any CPU.Build.0 = Debug|Any CPU
		{89710CBC-93F5-4FF1-8349-B703585A1DB1}.Release|Any CPU.ActiveCfg = Release|Any CPU
		{89710CBC-93F5-4FF1-8349-B703585A1DB1}.Release|Any CPU.Build.0 = Release|Any CPU
	EndGlobalSection
	GlobalSection(SolutionProperties) = preSolution
		HideSolutionNode = FALSE
	EndGlobalSection
	GlobalSection(NestedProjects) = preSolution
		{73853489-5D8C-4DD3-93C3-BF066918E7FF} = {3F181F5F-F45D-468F-BBE7-D9C00FFFDD83}
		{90ED02CA-F05B-4635-B94A-447122E52851} = {3132418E-9049-4DDA-86A1-CC6B19D5EBED}
		{ED85606A-E65F-403A-821D-5D99C8C3B796} = {3132418E-9049-4DDA-86A1-CC6B19D5EBED}
		{6A2A1B91-F18B-41D5-B130-5C3255F3E35D} = {5B98F77E-86C5-4CDA-AFE5-50F1DD329186}
		{A747851D-373E-4ECF-A718-A635C08EF5AD} = {5B98F77E-86C5-4CDA-AFE5-50F1DD329186}
		{1953D85B-8736-48B5-82CF-FCDE07F4A077} = {5B98F77E-86C5-4CDA-AFE5-50F1DD329186}
		{806A93C2-08DD-4051-B729-5752059EEAAB} = {BE18F0E4-1806-43C7-A4D9-B3CB3F6B866A}
		{72B0734E-7EE5-408F-A2A3-39D077933DBA} = {806A93C2-08DD-4051-B729-5752059EEAAB}
		{16A42955-7DCB-4FAB-8105-DCD5947F6F6F} = {BE18F0E4-1806-43C7-A4D9-B3CB3F6B866A}
		{AAC8A67D-579F-46D8-98C6-8ED939E04FB1} = {BE18F0E4-1806-43C7-A4D9-B3CB3F6B866A}
		{38AC723A-86A4-479F-AD5F-38D1AFA31068} = {AAC8A67D-579F-46D8-98C6-8ED939E04FB1}
		{A9827016-1F89-4429-B97A-D82EB91C020E} = {16A42955-7DCB-4FAB-8105-DCD5947F6F6F}
		{E7612A4C-DF24-4C0D-A6C7-C84DA6A2E25E} = {16A42955-7DCB-4FAB-8105-DCD5947F6F6F}
		{89710CBC-93F5-4FF1-8349-B703585A1DB1} = {806A93C2-08DD-4051-B729-5752059EEAAB}
	EndGlobalSection
EndGlobal
